
Microsoft Visual Studio Solution File, Format Version 12.00
# Visual Studio Version 17
VisualStudioVersion = 17.4.33205.214
MinimumVisualStudioVersion = 10.0.40219.1
Project("{FAE04EC0-301F-11D3-BF4B-00C04F79EFBC}") = "25Jan_Lab3", "25Jan_Lab3\25Jan_Lab3.csproj", "{C3879023-724D-4B00-82E8-71F032B124AD}"
EndProject
Global
	GlobalSection(SolutionConfigurationPlatforms) = preSolution
		Debug|Any CPU = Debug|Any CPU
		Release|Any CPU = Release|Any CPU
	EndGlobalSection
	GlobalSection(ProjectConfigurationPlatforms) = postSolution
		{C3879023-724D-4B00-82E8-71F032B124AD}.Debug|Any CPU.ActiveCfg = Debug|Any CPU
		{C3879023-724D-4B00-82E8-71F032B124AD}.Debug|Any CPU.Build.0 = Debug|Any CPU
		{C3879023-724D-4B00-82E8-71F032B124AD}.Release|Any CPU.ActiveCfg = Release|Any CPU
		{C3879023-724D-4B00-82E8-71F032B124AD}.Release|Any CPU.Build.0 = Release|Any CPU
	EndGlobalSection
	GlobalSection(SolutionProperties) = preSolution
		HideSolutionNode = FALSE
	EndGlobalSection
	GlobalSection(ExtensibilityGlobals) = postSolution
		SolutionGuid = {7C875433-5352-4E8C-801E-E7CE6C2CF9F6}
	EndGlobalSection
EndGlobal
